
Microsoft Visual Studio Solution File, Format Version 12.00
# Visual Studio Version 17
VisualStudioVersion = 17.5.33502.453
MinimumVisualStudioVersion = 10.0.40219.1
Project("{FAE04EC0-301F-11D3-BF4B-00C04F79EFBC}") = "CinemaIS", "CinemaIS\CinemaIS.csproj", "{D5EA6EED-879B-4313-949D-0D1DFEE54C3A}"
EndProject
Global
	GlobalSection(SolutionConfigurationPlatforms) = preSolution
		Debug|Any CPU = Debug|Any CPU
		Release|Any CPU = Release|Any CPU
	EndGlobalSection
	GlobalSection(ProjectConfigurationPlatforms) = postSolution
		{D5EA6EED-879B-4313-949D-0D1DFEE54C3A}.Debug|Any CPU.ActiveCfg = Debug|Any CPU
		{D5EA6EED-879B-4313-949D-0D1DFEE54C3A}.Debug|Any CPU.Build.0 = Debug|Any CPU
		{D5EA6EED-879B-4313-949D-0D1DFEE54C3A}.Release|Any CPU.ActiveCfg = Release|Any CPU
		{D5EA6EED-879B-4313-949D-0D1DFEE54C3A}.Release|Any CPU.Build.0 = Release|Any CPU
	EndGlobalSection
	GlobalSection(SolutionProperties) = preSolution
		HideSolutionNode = FALSE
	EndGlobalSection
	GlobalSection(ExtensibilityGlobals) = postSolution
		SolutionGuid = {BFD12311-5A78-4BD6-A357-9A9C7305D5C3}
	EndGlobalSection
EndGlobal
